// !$*UTF8*$!
{
	archiveVersion = 1;
	classes = {
	};
	objectVersion = 55;
	objects = {

/* Begin PBXBuildFile section */
		0107213827E873F10093B716 /* LoginViewController.swift in Sources */ = {isa = PBXBuildFile; fileRef = 0107213727E873F10093B716 /* LoginViewController.swift */; };
		013D0DDF27EEEDAD0066CA1F /* PostTableViewCell.swift in Sources */ = {isa = PBXBuildFile; fileRef = 013D0DDE27EEEDAD0066CA1F /* PostTableViewCell.swift */; };
		014C3F1927FC88BD0082F693 /* PhotoTableViewCell.swift in Sources */ = {isa = PBXBuildFile; fileRef = 014C3F1827FC88BD0082F693 /* PhotoTableViewCell.swift */; };
		014C3F1C27FC926B0082F693 /* PhotosViewController.swift in Sources */ = {isa = PBXBuildFile; fileRef = 014C3F1B27FC926B0082F693 /* PhotosViewController.swift */; };
		014C3F1E27FC93450082F693 /* PhotosCollectionViewCell.swift in Sources */ = {isa = PBXBuildFile; fileRef = 014C3F1D27FC93450082F693 /* PhotosCollectionViewCell.swift */; };
		016B8FC527F2DF7D003B0EF4 /* ProfileTableView.swift in Sources */ = {isa = PBXBuildFile; fileRef = 016B8FC427F2DF7D003B0EF4 /* ProfileTableView.swift */; };
		118E239727BBB7C700CDC8F2 /* AppDelegate.swift in Sources */ = {isa = PBXBuildFile; fileRef = 118E239627BBB7C700CDC8F2 /* AppDelegate.swift */; };
		118E239927BBB7C700CDC8F2 /* SceneDelegate.swift in Sources */ = {isa = PBXBuildFile; fileRef = 118E239827BBB7C700CDC8F2 /* SceneDelegate.swift */; };
		118E239B27BBB7C700CDC8F2 /* ViewController.swift in Sources */ = {isa = PBXBuildFile; fileRef = 118E239A27BBB7C700CDC8F2 /* ViewController.swift */; };
		118E23A027BBB7C900CDC8F2 /* Assets.xcassets in Resources */ = {isa = PBXBuildFile; fileRef = 118E239F27BBB7C900CDC8F2 /* Assets.xcassets */; };
		118E23A327BBB7C900CDC8F2 /* LaunchScreen.storyboard in Resources */ = {isa = PBXBuildFile; fileRef = 118E23A127BBB7C900CDC8F2 /* LaunchScreen.storyboard */; };
		118E23E127BE7CE700CDC8F2 /* FeedViewController.swift in Sources */ = {isa = PBXBuildFile; fileRef = 118E23E027BE7CE700CDC8F2 /* FeedViewController.swift */; };
		118E23E327BE7CF100CDC8F2 /* ProfileViewController.swift in Sources */ = {isa = PBXBuildFile; fileRef = 118E23E227BE7CF100CDC8F2 /* ProfileViewController.swift */; };
		118E23E527BE7D1600CDC8F2 /* PostViewController.swift in Sources */ = {isa = PBXBuildFile; fileRef = 118E23E427BE7D1600CDC8F2 /* PostViewController.swift */; };
		118E23E727BE7D2000CDC8F2 /* Post.swift in Sources */ = {isa = PBXBuildFile; fileRef = 118E23E627BE7D2000CDC8F2 /* Post.swift */; };
		118E23E927BE7D4800CDC8F2 /* InfoViewController.swift in Sources */ = {isa = PBXBuildFile; fileRef = 118E23E827BE7D4800CDC8F2 /* InfoViewController.swift */; };
		11D1BC7227D0D19200492967 /* ProfileHeaderView.swift in Sources */ = {isa = PBXBuildFile; fileRef = 11D1BC7127D0D19200492967 /* ProfileHeaderView.swift */; };
/* End PBXBuildFile section */

/* Begin PBXFileReference section */
		0107213727E873F10093B716 /* LoginViewController.swift */ = {isa = PBXFileReference; lastKnownFileType = sourcecode.swift; path = LoginViewController.swift; sourceTree = "<group>"; };
		013D0DDE27EEEDAD0066CA1F /* PostTableViewCell.swift */ = {isa = PBXFileReference; lastKnownFileType = sourcecode.swift; path = PostTableViewCell.swift; sourceTree = "<group>"; };
		014C3F1827FC88BD0082F693 /* PhotoTableViewCell.swift */ = {isa = PBXFileReference; lastKnownFileType = sourcecode.swift; path = PhotoTableViewCell.swift; sourceTree = "<group>"; };
		014C3F1B27FC926B0082F693 /* PhotosViewController.swift */ = {isa = PBXFileReference; lastKnownFileType = sourcecode.swift; path = PhotosViewController.swift; sourceTree = "<group>"; };
		014C3F1D27FC93450082F693 /* PhotosCollectionViewCell.swift */ = {isa = PBXFileReference; lastKnownFileType = sourcecode.swift; path = PhotosCollectionViewCell.swift; sourceTree = "<group>"; };
		016B8FC427F2DF7D003B0EF4 /* ProfileTableView.swift */ = {isa = PBXFileReference; lastKnownFileType = sourcecode.swift; path = ProfileTableView.swift; sourceTree = "<group>"; };
		118E239327BBB7C700CDC8F2 /* IB_INS_HOMEWORK1.app */ = {isa = PBXFileReference; explicitFileType = wrapper.application; includeInIndex = 0; path = IB_INS_HOMEWORK1.app; sourceTree = BUILT_PRODUCTS_DIR; };
		118E239627BBB7C700CDC8F2 /* AppDelegate.swift */ = {isa = PBXFileReference; lastKnownFileType = sourcecode.swift; path = AppDelegate.swift; sourceTree = "<group>"; };
		118E239827BBB7C700CDC8F2 /* SceneDelegate.swift */ = {isa = PBXFileReference; lastKnownFileType = sourcecode.swift; path = SceneDelegate.swift; sourceTree = "<group>"; };
		118E239A27BBB7C700CDC8F2 /* ViewController.swift */ = {isa = PBXFileReference; lastKnownFileType = sourcecode.swift; path = ViewController.swift; sourceTree = "<group>"; };
		118E239F27BBB7C900CDC8F2 /* Assets.xcassets */ = {isa = PBXFileReference; lastKnownFileType = folder.assetcatalog; path = Assets.xcassets; sourceTree = "<group>"; };
		118E23A227BBB7C900CDC8F2 /* Base */ = {isa = PBXFileReference; lastKnownFileType = file.storyboard; name = Base; path = Base.lproj/LaunchScreen.storyboard; sourceTree = "<group>"; };
		118E23A427BBB7C900CDC8F2 /* Info.plist */ = {isa = PBXFileReference; lastKnownFileType = text.plist.xml; path = Info.plist; sourceTree = "<group>"; };
		118E23E027BE7CE700CDC8F2 /* FeedViewController.swift */ = {isa = PBXFileReference; lastKnownFileType = sourcecode.swift; path = FeedViewController.swift; sourceTree = "<group>"; };
		118E23E227BE7CF100CDC8F2 /* ProfileViewController.swift */ = {isa = PBXFileReference; lastKnownFileType = sourcecode.swift; path = ProfileViewController.swift; sourceTree = "<group>"; };
		118E23E427BE7D1600CDC8F2 /* PostViewController.swift */ = {isa = PBXFileReference; lastKnownFileType = sourcecode.swift; path = PostViewController.swift; sourceTree = "<group>"; };
		118E23E627BE7D2000CDC8F2 /* Post.swift */ = {isa = PBXFileReference; lastKnownFileType = sourcecode.swift; path = Post.swift; sourceTree = "<group>"; };
		118E23E827BE7D4800CDC8F2 /* InfoViewController.swift */ = {isa = PBXFileReference; lastKnownFileType = sourcecode.swift; path = InfoViewController.swift; sourceTree = "<group>"; };
		11D1BC7127D0D19200492967 /* ProfileHeaderView.swift */ = {isa = PBXFileReference; lastKnownFileType = sourcecode.swift; path = ProfileHeaderView.swift; sourceTree = "<group>"; };
/* End PBXFileReference section */

/* Begin PBXFrameworksBuildPhase section */
		118E239027BBB7C700CDC8F2 /* Frameworks */ = {
			isa = PBXFrameworksBuildPhase;
			buildActionMask = 2147483647;
			files = (
			);
			runOnlyForDeploymentPostprocessing = 0;
		};
/* End PBXFrameworksBuildPhase section */

/* Begin PBXGroup section */
		014C3F1A27FC92520082F693 /* Photo */ = {
			isa = PBXGroup;
			children = (
				014C3F1B27FC926B0082F693 /* PhotosViewController.swift */,
				014C3F1D27FC93450082F693 /* PhotosCollectionViewCell.swift */,
			);
			path = Photo;
			sourceTree = "<group>";
		};
		016B8FC627F2E13C003B0EF4 /* Login */ = {
			isa = PBXGroup;
			children = (
				0107213727E873F10093B716 /* LoginViewController.swift */,
			);
			path = Login;
			sourceTree = "<group>";
		};
		118E238A27BBB7C700CDC8F2 = {
			isa = PBXGroup;
			children = (
				118E239527BBB7C700CDC8F2 /* IB_INS_HOMEWORK1 */,
				118E239427BBB7C700CDC8F2 /* Products */,
			);
			sourceTree = "<group>";
		};
		118E239427BBB7C700CDC8F2 /* Products */ = {
			isa = PBXGroup;
			children = (
				118E239327BBB7C700CDC8F2 /* IB_INS_HOMEWORK1.app */,
			);
			name = Products;
			sourceTree = "<group>";
		};
		118E239527BBB7C700CDC8F2 /* IB_INS_HOMEWORK1 */ = {
			isa = PBXGroup;
			children = (
				016B8FC627F2E13C003B0EF4 /* Login */,
				11D1BC7027D0D16F00492967 /* Profile */,
				014C3F1A27FC92520082F693 /* Photo */,
				118E239627BBB7C700CDC8F2 /* AppDelegate.swift */,
				118E239827BBB7C700CDC8F2 /* SceneDelegate.swift */,
				013D0DDE27EEEDAD0066CA1F /* PostTableViewCell.swift */,
				118E23E627BE7D2000CDC8F2 /* Post.swift */,
				118E239A27BBB7C700CDC8F2 /* ViewController.swift */,
				118E239F27BBB7C900CDC8F2 /* Assets.xcassets */,
				118E23A127BBB7C900CDC8F2 /* LaunchScreen.storyboard */,
				118E23A427BBB7C900CDC8F2 /* Info.plist */,
				118E23E027BE7CE700CDC8F2 /* FeedViewController.swift */,
				118E23E427BE7D1600CDC8F2 /* PostViewController.swift */,
				118E23E827BE7D4800CDC8F2 /* InfoViewController.swift */,
			);
			path = IB_INS_HOMEWORK1;
			sourceTree = "<group>";
		};
		11D1BC7027D0D16F00492967 /* Profile */ = {
			isa = PBXGroup;
			children = (
				014C3F1827FC88BD0082F693 /* PhotoTableViewCell.swift */,
				118E23E227BE7CF100CDC8F2 /* ProfileViewController.swift */,
				11D1BC7127D0D19200492967 /* ProfileHeaderView.swift */,
				016B8FC427F2DF7D003B0EF4 /* ProfileTableView.swift */,
			);
			path = Profile;
			sourceTree = "<group>";
		};
/* End PBXGroup section */

/* Begin PBXNativeTarget section */
		118E239227BBB7C700CDC8F2 /* IB_INS_HOMEWORK1 */ = {
			isa = PBXNativeTarget;
			buildConfigurationList = 118E23A727BBB7C900CDC8F2 /* Build configuration list for PBXNativeTarget "IB_INS_HOMEWORK1" */;
			buildPhases = (
				118E238F27BBB7C700CDC8F2 /* Sources */,
				118E239027BBB7C700CDC8F2 /* Frameworks */,
				118E239127BBB7C700CDC8F2 /* Resources */,
			);
			buildRules = (
			);
			dependencies = (
			);
			name = IB_INS_HOMEWORK1;
			productName = IB_INS_HOMEWORK1;
			productReference = 118E239327BBB7C700CDC8F2 /* IB_INS_HOMEWORK1.app */;
			productType = "com.apple.product-type.application";
		};
/* End PBXNativeTarget section */

/* Begin PBXProject section */
		118E238B27BBB7C700CDC8F2 /* Project object */ = {
			isa = PBXProject;
			attributes = {
				BuildIndependentTargetsInParallel = 1;
				LastSwiftUpdateCheck = 1320;
				LastUpgradeCheck = 1320;
				TargetAttributes = {
					118E239227BBB7C700CDC8F2 = {
						CreatedOnToolsVersion = 13.2.1;
					};
				};
			};
			buildConfigurationList = 118E238E27BBB7C700CDC8F2 /* Build configuration list for PBXProject "IB_INS_HOMEWORK1" */;
			compatibilityVersion = "Xcode 13.0";
			developmentRegion = en;
			hasScannedForEncodings = 0;
			knownRegions = (
				en,
				Base,
			);
			mainGroup = 118E238A27BBB7C700CDC8F2;
			productRefGroup = 118E239427BBB7C700CDC8F2 /* Products */;
			projectDirPath = "";
			projectRoot = "";
			targets = (
				118E239227BBB7C700CDC8F2 /* IB_INS_HOMEWORK1 */,
			);
		};
/* End PBXProject section */

/* Begin PBXResourcesBuildPhase section */
		118E239127BBB7C700CDC8F2 /* Resources */ = {
			isa = PBXResourcesBuildPhase;
			buildActionMask = 2147483647;
			files = (
				118E23A327BBB7C900CDC8F2 /* LaunchScreen.storyboard in Resources */,
				118E23A027BBB7C900CDC8F2 /* Assets.xcassets in Resources */,
			);
			runOnlyForDeploymentPostprocessing = 0;
		};
/* End PBXResourcesBuildPhase section */

/* Begin PBXSourcesBuildPhase section */
		118E238F27BBB7C700CDC8F2 /* Sources */ = {
			isa = PBXSourcesBuildPhase;
			buildActionMask = 2147483647;
			files = (
				013D0DDF27EEEDAD0066CA1F /* PostTableViewCell.swift in Sources */,
				016B8FC527F2DF7D003B0EF4 /* ProfileTableView.swift in Sources */,
				118E23E527BE7D1600CDC8F2 /* PostViewController.swift in Sources */,
				118E239B27BBB7C700CDC8F2 /* ViewController.swift in Sources */,
				118E239727BBB7C700CDC8F2 /* AppDelegate.swift in Sources */,
				118E23E327BE7CF100CDC8F2 /* ProfileViewController.swift in Sources */,
				11D1BC7227D0D19200492967 /* ProfileHeaderView.swift in Sources */,
				118E23E127BE7CE700CDC8F2 /* FeedViewController.swift in Sources */,
				118E23E727BE7D2000CDC8F2 /* Post.swift in Sources */,
				118E23E927BE7D4800CDC8F2 /* InfoViewController.swift in Sources */,
				014C3F1927FC88BD0082F693 /* PhotoTableViewCell.swift in Sources */,
				014C3F1E27FC93450082F693 /* PhotosCollectionViewCell.swift in Sources */,
				014C3F1C27FC926B0082F693 /* PhotosViewController.swift in Sources */,
				0107213827E873F10093B716 /* LoginViewController.swift in Sources */,
				118E239927BBB7C700CDC8F2 /* SceneDelegate.swift in Sources */,
			);
			runOnlyForDeploymentPostprocessing = 0;
		};
/* End PBXSourcesBuildPhase section */

/* Begin PBXVariantGroup section */
		118E23A127BBB7C900CDC8F2 /* LaunchScreen.storyboard */ = {
			isa = PBXVariantGroup;
			children = (
				118E23A227BBB7C900CDC8F2 /* Base */,
			);
			name = LaunchScreen.storyboard;
			sourceTree = "<group>";
		};
/* End PBXVariantGroup section */

/* Begin XCBuildConfiguration section */
		118E23A527BBB7C900CDC8F2 /* Debug */ = {
			isa = XCBuildConfiguration;
			buildSettings = {
				ALWAYS_SEARCH_USER_PATHS = NO;
				CLANG_ANALYZER_NONNULL = YES;
				CLANG_ANALYZER_NUMBER_OBJECT_CONVERSION = YES_AGGRESSIVE;
				CLANG_CXX_LANGUAGE_STANDARD = "gnu++17";
				CLANG_CXX_LIBRARY = "libc++";
				CLANG_ENABLE_MODULES = YES;
				CLANG_ENABLE_OBJC_ARC = YES;
				CLANG_ENABLE_OBJC_WEAK = YES;
				CLANG_WARN_BLOCK_CAPTURE_AUTORELEASING = YES;
				CLANG_WARN_BOOL_CONVERSION = YES;
				CLANG_WARN_COMMA = YES;
				CLANG_WARN_CONSTANT_CONVERSION = YES;
				CLANG_WARN_DEPRECATED_OBJC_IMPLEMENTATIONS = YES;
				CLANG_WARN_DIRECT_OBJC_ISA_USAGE = YES_ERROR;
				CLANG_WARN_DOCUMENTATION_COMMENTS = YES;
				CLANG_WARN_EMPTY_BODY = YES;
				CLANG_WARN_ENUM_CONVERSION = YES;
				CLANG_WARN_INFINITE_RECURSION = YES;
				CLANG_WARN_INT_CONVERSION = YES;
				CLANG_WARN_NON_LITERAL_NULL_CONVERSION = YES;
				CLANG_WARN_OBJC_IMPLICIT_RETAIN_SELF = YES;
				CLANG_WARN_OBJC_LITERAL_CONVERSION = YES;
				CLANG_WARN_OBJC_ROOT_CLASS = YES_ERROR;
				CLANG_WARN_QUOTED_INCLUDE_IN_FRAMEWORK_HEADER = YES;
				CLANG_WARN_RANGE_LOOP_ANALYSIS = YES;
				CLANG_WARN_STRICT_PROTOTYPES = YES;
				CLANG_WARN_SUSPICIOUS_MOVE = YES;
				CLANG_WARN_UNGUARDED_AVAILABILITY = YES_AGGRESSIVE;
				CLANG_WARN_UNREACHABLE_CODE = YES;
				CLANG_WARN__DUPLICATE_METHOD_MATCH = YES;
				COPY_PHASE_STRIP = NO;
				DEBUG_INFORMATION_FORMAT = dwarf;
				ENABLE_STRICT_OBJC_MSGSEND = YES;
				ENABLE_TESTABILITY = YES;
				GCC_C_LANGUAGE_STANDARD = gnu11;
				GCC_DYNAMIC_NO_PIC = NO;
				GCC_NO_COMMON_BLOCKS = YES;
				GCC_OPTIMIZATION_LEVEL = 0;
				GCC_PREPROCESSOR_DEFINITIONS = (
					"DEBUG=1",
					"$(inherited)",
				);
				GCC_WARN_64_TO_32_BIT_CONVERSION = YES;
				GCC_WARN_ABOUT_RETURN_TYPE = YES_ERROR;
				GCC_WARN_UNDECLARED_SELECTOR = YES;
				GCC_WARN_UNINITIALIZED_AUTOS = YES_AGGRESSIVE;
				GCC_WARN_UNUSED_FUNCTION = YES;
				GCC_WARN_UNUSED_VARIABLE = YES;
				IPHONEOS_DEPLOYMENT_TARGET = 15.2;
				MTL_ENABLE_DEBUG_INFO = INCLUDE_SOURCE;
				MTL_FAST_MATH = YES;
				ONLY_ACTIVE_ARCH = YES;
				SDKROOT = iphoneos;
				SWIFT_ACTIVE_COMPILATION_CONDITIONS = DEBUG;
				SWIFT_OPTIMIZATION_LEVEL = "-Onone";
			};
			name = Debug;
		};
		118E23A627BBB7C900CDC8F2 /* Release */ = {
			isa = XCBuildConfiguration;
			buildSettings = {
				ALWAYS_SEARCH_USER_PATHS = NO;
				CLANG_ANALYZER_NONNULL = YES;
				CLANG_ANALYZER_NUMBER_OBJECT_CONVERSION = YES_AGGRESSIVE;
				CLANG_CXX_LANGUAGE_STANDARD = "gnu++17";
				CLANG_CXX_LIBRARY = "libc++";
				CLANG_ENABLE_MODULES = YES;
				CLANG_ENABLE_OBJC_ARC = YES;
				CLANG_ENABLE_OBJC_WEAK = YES;
				CLANG_WARN_BLOCK_CAPTURE_AUTORELEASING = YES;
				CLANG_WARN_BOOL_CONVERSION = YES;
				CLANG_WARN_COMMA = YES;
				CLANG_WARN_CONSTANT_CONVERSION = YES;
				CLANG_WARN_DEPRECATED_OBJC_IMPLEMENTATIONS = YES;
				CLANG_WARN_DIRECT_OBJC_ISA_USAGE = YES_ERROR;
				CLANG_WARN_DOCUMENTATION_COMMENTS = YES;
				CLANG_WARN_EMPTY_BODY = YES;
				CLANG_WARN_ENUM_CONVERSION = YES;
				CLANG_WARN_INFINITE_RECURSION = YES;
				CLANG_WARN_INT_CONVERSION = YES;
				CLANG_WARN_NON_LITERAL_NULL_CONVERSION = YES;
				CLANG_WARN_OBJC_IMPLICIT_RETAIN_SELF = YES;
				CLANG_WARN_OBJC_LITERAL_CONVERSION = YES;
				CLANG_WARN_OBJC_ROOT_CLASS = YES_ERROR;
				CLANG_WARN_QUOTED_INCLUDE_IN_FRAMEWORK_HEADER = YES;
				CLANG_WARN_RANGE_LOOP_ANALYSIS = YES;
				CLANG_WARN_STRICT_PROTOTYPES = YES;
				CLANG_WARN_SUSPICIOUS_MOVE = YES;
				CLANG_WARN_UNGUARDED_AVAILABILITY = YES_AGGRESSIVE;
				CLANG_WARN_UNREACHABLE_CODE = YES;
				CLANG_WARN__DUPLICATE_METHOD_MATCH = YES;
				COPY_PHASE_STRIP = NO;
				DEBUG_INFORMATION_FORMAT = "dwarf-with-dsym";
				ENABLE_NS_ASSERTIONS = NO;
				ENABLE_STRICT_OBJC_MSGSEND = YES;
				GCC_C_LANGUAGE_STANDARD = gnu11;
				GCC_NO_COMMON_BLOCKS = YES;
				GCC_WARN_64_TO_32_BIT_CONVERSION = YES;
				GCC_WARN_ABOUT_RETURN_TYPE = YES_ERROR;
				GCC_WARN_UNDECLARED_SELECTOR = YES;
				GCC_WARN_UNINITIALIZED_AUTOS = YES_AGGRESSIVE;
				GCC_WARN_UNUSED_FUNCTION = YES;
				GCC_WARN_UNUSED_VARIABLE = YES;
				IPHONEOS_DEPLOYMENT_TARGET = 15.2;
				MTL_ENABLE_DEBUG_INFO = NO;
				MTL_FAST_MATH = YES;
				SDKROOT = iphoneos;
				SWIFT_COMPILATION_MODE = wholemodule;
				SWIFT_OPTIMIZATION_LEVEL = "-O";
				VALIDATE_PRODUCT = YES;
			};
			name = Release;
		};
		118E23A827BBB7C900CDC8F2 /* Debug */ = {
			isa = XCBuildConfiguration;
			buildSettings = {
				ASSETCATALOG_COMPILER_APPICON_NAME = AppIcon;
				ASSETCATALOG_COMPILER_GLOBAL_ACCENT_COLOR_NAME = AccentColor;
				CODE_SIGN_STYLE = Automatic;
				CURRENT_PROJECT_VERSION = 1;
				DEVELOPMENT_TEAM = 8BFJ4VQ97J;
				GENERATE_INFOPLIST_FILE = YES;
				INFOPLIST_FILE = IB_INS_HOMEWORK1/Info.plist;
				INFOPLIST_KEY_UIApplicationSupportsIndirectInputEvents = YES;
				INFOPLIST_KEY_UILaunchStoryboardName = LaunchScreen;
				INFOPLIST_KEY_UISupportedInterfaceOrientations_iPad = "UIInterfaceOrientationPortrait UIInterfaceOrientationPortraitUpsideDown UIInterfaceOrientationLandscapeLeft UIInterfaceOrientationLandscapeRight";
				INFOPLIST_KEY_UISupportedInterfaceOrientations_iPhone = "UIInterfaceOrientationPortrait UIInterfaceOrientationLandscapeLeft UIInterfaceOrientationLandscapeRight";
				IPHONEOS_DEPLOYMENT_TARGET = 15.0;
				LD_RUNPATH_SEARCH_PATHS = (
					"$(inherited)",
					"@executable_path/Frameworks",
				);
				MARKETING_VERSION = 1.0;
				PRODUCT_BUNDLE_IDENTIFIER = "com.practice.IB-INS-HOMEWORK1";
				PRODUCT_NAME = "$(TARGET_NAME)";
				SWIFT_EMIT_LOC_STRINGS = YES;
				SWIFT_VERSION = 5.0;
				TARGETED_DEVICE_FAMILY = 1;
			};
			name = Debug;
		};
		118E23A927BBB7C900CDC8F2 /* Release */ = {
			isa = XCBuildConfiguration;
			buildSettings = {
				ASSETCATALOG_COMPILER_APPICON_NAME = AppIcon;
				ASSETCATALOG_COMPILER_GLOBAL_ACCENT_COLOR_NAME = AccentColor;
				CODE_SIGN_STYLE = Automatic;
				CURRENT_PROJECT_VERSION = 1;
				DEVELOPMENT_TEAM = 8BFJ4VQ97J;
				GENERATE_INFOPLIST_FILE = YES;
				INFOPLIST_FILE = IB_INS_HOMEWORK1/Info.plist;
				INFOPLIST_KEY_UIApplicationSupportsIndirectInputEvents = YES;
				INFOPLIST_KEY_UILaunchStoryboardName = LaunchScreen;
				INFOPLIST_KEY_UISupportedInterfaceOrientations_iPad = "UIInterfaceOrientationPortrait UIInterfaceOrientationPortraitUpsideDown UIInterfaceOrientationLandscapeLeft UIInterfaceOrientationLandscapeRight";
				INFOPLIST_KEY_UISupportedInterfaceOrientations_iPhone = "UIInterfaceOrientationPortrait UIInterfaceOrientationLandscapeLeft UIInterfaceOrientationLandscapeRight";
				IPHONEOS_DEPLOYMENT_TARGET = 15.0;
				LD_RUNPATH_SEARCH_PATHS = (
					"$(inherited)",
					"@executable_path/Frameworks",
				);
				MARKETING_VERSION = 1.0;
				PRODUCT_BUNDLE_IDENTIFIER = "com.practice.IB-INS-HOMEWORK1";
				PRODUCT_NAME = "$(TARGET_NAME)";
				SWIFT_EMIT_LOC_STRINGS = YES;
				SWIFT_VERSION = 5.0;
				TARGETED_DEVICE_FAMILY = 1;
			};
			name = Release;
		};
/* End XCBuildConfiguration section */

/* Begin XCConfigurationList section */
		118E238E27BBB7C700CDC8F2 /* Build configuration list for PBXProject "IB_INS_HOMEWORK1" */ = {
			isa = XCConfigurationList;
			buildConfigurations = (
				118E23A527BBB7C900CDC8F2 /* Debug */,
				118E23A627BBB7C900CDC8F2 /* Release */,
			);
			defaultConfigurationIsVisible = 0;
			defaultConfigurationName = Release;
		};
		118E23A727BBB7C900CDC8F2 /* Build configuration list for PBXNativeTarget "IB_INS_HOMEWORK1" */ = {
			isa = XCConfigurationList;
			buildConfigurations = (
				118E23A827BBB7C900CDC8F2 /* Debug */,
				118E23A927BBB7C900CDC8F2 /* Release */,
			);
			defaultConfigurationIsVisible = 0;
			defaultConfigurationName = Release;
		};
/* End XCConfigurationList section */
	};
	rootObject = 118E238B27BBB7C700CDC8F2 /* Project object */;
}
